
Microsoft Visual Studio Solution File, Format Version 12.00
# Visual Studio Version 17
VisualStudioVersion = 17.2.32616.157
MinimumVisualStudioVersion = 10.0.40219.1
Project("{9A19103F-16F7-4668-BE54-9A1E7A4F7556}") = "OurHtagEditor", "src\ourHtagEditor\OurHtagEditor.csproj", "{4EF9C2AB-E260-40EE-BF88-8CE89F74D7CD}"
EndProject
Project("{9A19103F-16F7-4668-BE54-9A1E7A4F7556}") = "ourHtagEditor.Web", "src\ourHtagEditor.Web\ourHtagEditor.Web.csproj", "{11DE2535-3326-407A-94DE-014276321037}"
EndProject
Global
	GlobalSection(SolutionConfigurationPlatforms) = preSolution
		Debug|Any CPU = Debug|Any CPU
		Release|Any CPU = Release|Any CPU
	EndGlobalSection
	GlobalSection(ProjectConfigurationPlatforms) = postSolution
		{4EF9C2AB-E260-40EE-BF88-8CE89F74D7CD}.Debug|Any CPU.ActiveCfg = Debug|Any CPU
		{4EF9C2AB-E260-40EE-BF88-8CE89F74D7CD}.Debug|Any CPU.Build.0 = Debug|Any CPU
		{4EF9C2AB-E260-40EE-BF88-8CE89F74D7CD}.Release|Any CPU.ActiveCfg = Release|Any CPU
		{4EF9C2AB-E260-40EE-BF88-8CE89F74D7CD}.Release|Any CPU.Build.0 = Release|Any CPU
		{11DE2535-3326-407A-94DE-014276321037}.Debug|Any CPU.ActiveCfg = Debug|Any CPU
		{11DE2535-3326-407A-94DE-014276321037}.Debug|Any CPU.Build.0 = Debug|Any CPU
		{11DE2535-3326-407A-94DE-014276321037}.Release|Any CPU.ActiveCfg = Release|Any CPU
		{11DE2535-3326-407A-94DE-014276321037}.Release|Any CPU.Build.0 = Release|Any CPU
	EndGlobalSection
	GlobalSection(SolutionProperties) = preSolution
		HideSolutionNode = FALSE
	EndGlobalSection
	GlobalSection(ExtensibilityGlobals) = postSolution
		SolutionGuid = {0351C56D-08B7-44A0-8767-E8312203A0F3}
	EndGlobalSection
EndGlobal
